{
  "name": "bgg-removal",
  "lockfileVersion": 3,
  "requires": true,
  "packages": {
    "": {
      "dependencies": {
        "@stablelib/base64": "^2.0.0"
      }
    },
    "node_modules/@stablelib/base64": {
      "version": "2.0.0",
      "resolved": "https://registry.npmjs.org/@stablelib/base64/-/base64-2.0.0.tgz",
      "integrity": "sha512-ffSfySa1ZpZYzM5FQ2xILQ2jifQ+GlgbDJzRTCtaB0sqta88KYghB/tlSV2VS2iHRCvMdUvJlLOW1rmSkziWnw=="
    }
  }
}
